Microsoft Visual Studio Solution File, Format Version 12.00
# Visual Studio Version 17
VisualStudioVersion = 17.0.31903.59
MinimumVisualStudioVersion = 10.0.40219.1
Project("{FAE04EC0-301F-11D3-BF4B-00C04F79EFBC}") = "LLMContextVS", "src\LLMContextVS\LLMContextVS.csproj", "{0B271C26-D001-4C5A-81C5-B66B74FC1727}"
EndProject
Global
	GlobalSection(SolutionConfigurationPlatforms) = preSolution
		Debug|Any CPU = Debug|Any CPU
		Release|Any CPU = Release|Any CPU
	EndGlobalSection
	GlobalSection(ProjectConfigurationPlatforms) = postSolution
		{0B271C26-D001-4C5A-81C5-B66B74FC1727}.Debug|Any CPU.ActiveCfg = Debug|Any CPU
		{0B271C26-D001-4C5A-81C5-B66B74FC1727}.Debug|Any CPU.Build.0 = Debug|Any CPU
		{0B271C26-D001-4C5A-81C5-B66B74FC1727}.Release|Any CPU.ActiveCfg = Release|Any CPU
		{0B271C26-D001-4C5A-81C5-B66B74FC1727}.Release|Any CPU.Build.0 = Release|Any CPU
	EndGlobalSection
	GlobalSection(SolutionProperties) = preSolution
		HideSolutionNode = FALSE
	EndGlobalSection
	GlobalSection(ExtensibilityGlobals) = postSolution
		SolutionGuid = {E4C9A3D2-7F1B-4A8E-9C2D-5B3E6F8A1C2D}
	EndGlobalSection
EndGlobal
